
Microsoft Visual Studio Solution File, Format Version 12.00
# Visual Studio Version 17
VisualStudioVersion = 17.6.33723.286
MinimumVisualStudioVersion = 10.0.40219.1
Project("{9A19103F-16F7-4668-BE54-9A1E7A4F7556}") = "DeveLanCacheUI_Backend", "DeveLanCacheUI_Backend\DeveLanCacheUI_Backend.csproj", "{8BE25B08-5047-4E03-AB78-7390BBF7BA16}"
EndProject
Project("{FAE04EC0-301F-11D3-BF4B-00C04F79EFBC}") = "DeveLanCacheUI_Backend.Tests", "DeveLanCacheUI_Backend.Tests\DeveLanCacheUI_Backend.Tests.csproj", "{61B234FC-1790-4951-B763-9D93CA535DF8}"
EndProject
Project("{FAE04EC0-301F-11D3-BF4B-00C04F79EFBC}") = "DeveLanCacheUI_Backend.EpicManifestParser", "DeveLanCacheUI_Backend.EpicManifestParser\DeveLanCacheUI_Backend.EpicManifestParser.csproj", "{8CBBAE99-5E56-41BA-BB81-66FD5E459631}"
EndProject
Project("{FAE04EC0-301F-11D3-BF4B-00C04F79EFBC}") = "DeveLanCacheUI_Backend.EpicManifestParser.Tests", "DeveLanCacheUI_Backend.EpicManifestParser.Tests\DeveLanCacheUI_Backend.EpicManifestParser.Tests.csproj", "{78517F5E-180D-41D8-B9EE-84B8F3811F92}"
EndProject
Global
	GlobalSection(SolutionConfigurationPlatforms) = preSolution
		Debug|Any CPU = Debug|Any CPU
		Release|Any CPU = Release|Any CPU
	EndGlobalSection
	GlobalSection(ProjectConfigurationPlatforms) = postSolution
		{8BE25B08-5047-4E03-AB78-7390BBF7BA16}.Debug|Any CPU.ActiveCfg = Debug|Any CPU
		{8BE25B08-5047-4E03-AB78-7390BBF7BA16}.Debug|Any CPU.Build.0 = Debug|Any CPU
		{8BE25B08-5047-4E03-AB78-7390BBF7BA16}.Release|Any CPU.ActiveCfg = Release|Any CPU
		{8BE25B08-5047-4E03-AB78-7390BBF7BA16}.Release|Any CPU.Build.0 = Release|Any CPU
		{61B234FC-1790-4951-B763-9D93CA535DF8}.Debug|Any CPU.ActiveCfg = Debug|Any CPU
		{61B234FC-1790-4951-B763-9D93CA535DF8}.Debug|Any CPU.Build.0 = Debug|Any CPU
		{61B234FC-1790-4951-B763-9D93CA535DF8}.Release|Any CPU.ActiveCfg = Release|Any CPU
		{61B234FC-1790-4951-B763-9D93CA535DF8}.Release|Any CPU.Build.0 = Release|Any CPU
		{8CBBAE99-5E56-41BA-BB81-66FD5E459631}.Debug|Any CPU.ActiveCfg = Debug|Any CPU
		{8CBBAE99-5E56-41BA-BB81-66FD5E459631}.Debug|Any CPU.Build.0 = Debug|Any CPU
		{8CBBAE99-5E56-41BA-BB81-66FD5E459631}.Release|Any CPU.ActiveCfg = Release|Any CPU
		{8CBBAE99-5E56-41BA-BB81-66FD5E459631}.Release|Any CPU.Build.0 = Release|Any CPU
		{78517F5E-180D-41D8-B9EE-84B8F3811F92}.Debug|Any CPU.ActiveCfg = Debug|Any CPU
		{78517F5E-180D-41D8-B9EE-84B8F3811F92}.Debug|Any CPU.Build.0 = Debug|Any CPU
		{78517F5E-180D-41D8-B9EE-84B8F3811F92}.Release|Any CPU.ActiveCfg = Release|Any CPU
		{78517F5E-180D-41D8-B9EE-84B8F3811F92}.Release|Any CPU.Build.0 = Release|Any CPU
	EndGlobalSection
	GlobalSection(SolutionProperties) = preSolution
		HideSolutionNode = FALSE
	EndGlobalSection
	GlobalSection(ExtensibilityGlobals) = postSolution
		SolutionGuid = {6E87E77E-7230-438E-8915-BBBB80E06C1E}
	EndGlobalSection
EndGlobal
